
Microsoft Visual Studio Solution File, Format Version 12.00
# Visual Studio Version 17
VisualStudioVersion = 17.9.34728.123
MinimumVisualStudioVersion = 10.0.40219.1
Project("{FAE04EC0-301F-11D3-BF4B-00C04F79EFBC}") = "Clear2Go_TWR", "Clear2Go_TWR\Clear2Go_TWR\Clear2Go_TWR.csproj", "{8E4F8A76-5DD1-4FEE-AA66-CB64612498AE}"
EndProject
Project("{FAE04EC0-301F-11D3-BF4B-00C04F79EFBC}") = "Clear2Go_TWR.Client", "Clear2Go_TWR\Clear2Go_TWR.Client\Clear2Go_TWR.Client.csproj", "{F728624D-8AB7-4C42-99A1-31422EB85E0C}"
EndProject
Global
	GlobalSection(SolutionConfigurationPlatforms) = preSolution
		Debug|Any CPU = Debug|Any CPU
		Release|Any CPU = Release|Any CPU
	EndGlobalSection
	GlobalSection(ProjectConfigurationPlatforms) = postSolution
		{8E4F8A76-5DD1-4FEE-AA66-CB64612498AE}.Debug|Any CPU.ActiveCfg = Debug|Any CPU
		{8E4F8A76-5DD1-4FEE-AA66-CB64612498AE}.Debug|Any CPU.Build.0 = Debug|Any CPU
		{8E4F8A76-5DD1-4FEE-AA66-CB64612498AE}.Release|Any CPU.ActiveCfg = Release|Any CPU
		{8E4F8A76-5DD1-4FEE-AA66-CB64612498AE}.Release|Any CPU.Build.0 = Release|Any CPU
		{F728624D-8AB7-4C42-99A1-31422EB85E0C}.Debug|Any CPU.ActiveCfg = Debug|Any CPU
		{F728624D-8AB7-4C42-99A1-31422EB85E0C}.Debug|Any CPU.Build.0 = Debug|Any CPU
		{F728624D-8AB7-4C42-99A1-31422EB85E0C}.Release|Any CPU.ActiveCfg = Release|Any CPU
		{F728624D-8AB7-4C42-99A1-31422EB85E0C}.Release|Any CPU.Build.0 = Release|Any CPU
	EndGlobalSection
	GlobalSection(SolutionProperties) = preSolution
		HideSolutionNode = FALSE
	EndGlobalSection
	GlobalSection(ExtensibilityGlobals) = postSolution
		SolutionGuid = {7A2AD2C7-7EBE-4367-8520-26CDB6F6074A}
	EndGlobalSection
EndGlobal
